PODS:
  - XCAssetsIssueDemo (0.1.0)

DEPENDENCIES:
  - XCAssetsIssueDemo (from `../`)

EXTERNAL SOURCES:
  XCAssetsIssueDemo:
    :path: "../"

SPEC CHECKSUMS:
  XCAssetsIssueDemo: 3913e2b1c775bb3efd21e33f805e357d5436819a

PODFILE CHECKSUM: 5b4ce6ef2fc046f6efa636975c3e9a545ae695f7

COCOAPODS: 1.11.3
